
Microsoft Visual Studio Solution File, Format Version 12.00
# Visual Studio Version 17
VisualStudioVersion = 17.4.33122.133
MinimumVisualStudioVersion = 10.0.40219.1
Project("{9A19103F-16F7-4668-BE54-9A1E7A4F7556}") = "DocumentProcessor", "DocumentProcessor\DocumentProcessor.csproj", "{255C9D6B-F5F9-468F-88C9-498AB4FB2F1B}"
EndProject
Global
	GlobalSection(SolutionConfigurationPlatforms) = preSolution
		Debug|Any CPU = Debug|Any CPU
		Release|Any CPU = Release|Any CPU
	EndGlobalSection
	GlobalSection(ProjectConfigurationPlatforms) = postSolution
		{255C9D6B-F5F9-468F-88C9-498AB4FB2F1B}.Debug|Any CPU.ActiveCfg = Debug|Any CPU
		{255C9D6B-F5F9-468F-88C9-498AB4FB2F1B}.Debug|Any CPU.Build.0 = Debug|Any CPU
		{255C9D6B-F5F9-468F-88C9-498AB4FB2F1B}.Release|Any CPU.ActiveCfg = Release|Any CPU
		{255C9D6B-F5F9-468F-88C9-498AB4FB2F1B}.Release|Any CPU.Build.0 = Release|Any CPU
	EndGlobalSection
	GlobalSection(SolutionProperties) = preSolution
		HideSolutionNode = FALSE
	EndGlobalSection
	GlobalSection(ExtensibilityGlobals) = postSolution
		SolutionGuid = {E08E3474-C9B6-459F-8EAF-3DE4BEE68075}
	EndGlobalSection
EndGlobal
