
Microsoft Visual Studio Solution File, Format Version 12.00
# Visual Studio Version 17
VisualStudioVersion = 17.4.33122.133
MinimumVisualStudioVersion = 10.0.40219.1
Project("{FAE04EC0-301F-11D3-BF4B-00C04F79EFBC}") = "DocumentProcessor", "WebApplication1\DocumentProcessor.csproj", "{EA8C459F-DEF8-437D-A139-1F586A139343}"
EndProject
Global
	GlobalSection(SolutionConfigurationPlatforms) = preSolution
		Debug|Any CPU = Debug|Any CPU
		Release|Any CPU = Release|Any CPU
	EndGlobalSection
	GlobalSection(ProjectConfigurationPlatforms) = postSolution
		{EA8C459F-DEF8-437D-A139-1F586A139343}.Debug|Any CPU.ActiveCfg = Debug|Any CPU
		{EA8C459F-DEF8-437D-A139-1F586A139343}.Debug|Any CPU.Build.0 = Debug|Any CPU
		{EA8C459F-DEF8-437D-A139-1F586A139343}.Release|Any CPU.ActiveCfg = Release|Any CPU
		{EA8C459F-DEF8-437D-A139-1F586A139343}.Release|Any CPU.Build.0 = Release|Any CPU
	EndGlobalSection
	GlobalSection(SolutionProperties) = preSolution
		HideSolutionNode = FALSE
	EndGlobalSection
	GlobalSection(ExtensibilityGlobals) = postSolution
		SolutionGuid = {5D6EC7F6-9FB0-432A-B30C-451001500E57}
	EndGlobalSection
EndGlobal
